
Microsoft Visual Studio Solution File, Format Version 12.00
# Visual Studio Version 17
VisualStudioVersion = 17.5.002.0
MinimumVisualStudioVersion = 10.0.40219.1
Project("{9A19103F-16F7-4668-BE54-9A1E7A4F7556}") = "api", "api.csproj", "{B1553B41-D64C-402E-BD7A-88A799021FD2}"
EndProject
Global
	GlobalSection(SolutionConfigurationPlatforms) = preSolution
		Debug|Any CPU = Debug|Any CPU
		Release|Any CPU = Release|Any CPU
	EndGlobalSection
	GlobalSection(ProjectConfigurationPlatforms) = postSolution
		{B1553B41-D64C-402E-BD7A-88A799021FD2}.Debug|Any CPU.ActiveCfg = Debug|Any CPU
		{B1553B41-D64C-402E-BD7A-88A799021FD2}.Debug|Any CPU.Build.0 = Debug|Any CPU
		{B1553B41-D64C-402E-BD7A-88A799021FD2}.Release|Any CPU.ActiveCfg = Release|Any CPU
		{B1553B41-D64C-402E-BD7A-88A799021FD2}.Release|Any CPU.Build.0 = Release|Any CPU
	EndGlobalSection
	GlobalSection(SolutionProperties) = preSolution
		HideSolutionNode = FALSE
	EndGlobalSection
	GlobalSection(ExtensibilityGlobals) = postSolution
		SolutionGuid = {712C926E-ECB9-4287-9348-F719F511009F}
	EndGlobalSection
EndGlobal
